
Microsoft Visual Studio Solution File, Format Version 12.00
# Visual Studio Version 17
VisualStudioVersion = 17.14.36603.0
MinimumVisualStudioVersion = 10.0.40219.1
Project("{FAE04EC0-301F-11D3-BF4B-00C04F79EFBC}") = "MedFront.Backend.API", "MedFront.Backend.API\MedFront.Backend.API.csproj", "{3CE89A4D-B798-4AAD-A5C2-CFDD4CF3D4A6}"
EndProject
Project("{FAE04EC0-301F-11D3-BF4B-00C04F79EFBC}") = "MedFront.Backend.Domain", "MedFront.Backend.Domain\MedFront.Backend.Domain.csproj", "{F601AAA0-0EE1-4D0E-A1BD-A7EBD06674B2}"
EndProject
Project("{FAE04EC0-301F-11D3-BF4B-00C04F79EFBC}") = "MedFront.Backend.Application", "MedFront.Backend.Application\MedFront.Backend.Application.csproj", "{0E5006C5-29E3-4FE7-80D2-E369C3E52862}"
EndProject
Project("{FAE04EC0-301F-11D3-BF4B-00C04F79EFBC}") = "MedFront.Backend.Infrastructure", "MedFront.Backend.Infrastructure\MedFront.Backend.Infrastructure.csproj", "{B825AF46-5D30-46CF-89EF-8E51C1216967}"
EndProject
Project("{FAE04EC0-301F-11D3-BF4B-00C04F79EFBC}") = "MedFront.Backend.Contracts", "MedFront.Backend.Contracts\MedFront.Backend.Contracts.csproj", "{4D3186E6-5E59-4051-B31E-97F10595BDCC}"
EndProject
Global
	GlobalSection(SolutionConfigurationPlatforms) = preSolution
		Debug|Any CPU = Debug|Any CPU
		Release|Any CPU = Release|Any CPU
	EndGlobalSection
	GlobalSection(ProjectConfigurationPlatforms) = postSolution
		{3CE89A4D-B798-4AAD-A5C2-CFDD4CF3D4A6}.Debug|Any CPU.ActiveCfg = Debug|Any CPU
		{3CE89A4D-B798-4AAD-A5C2-CFDD4CF3D4A6}.Debug|Any CPU.Build.0 = Debug|Any CPU
		{3CE89A4D-B798-4AAD-A5C2-CFDD4CF3D4A6}.Release|Any CPU.ActiveCfg = Release|Any CPU
		{3CE89A4D-B798-4AAD-A5C2-CFDD4CF3D4A6}.Release|Any CPU.Build.0 = Release|Any CPU
		{F601AAA0-0EE1-4D0E-A1BD-A7EBD06674B2}.Debug|Any CPU.ActiveCfg = Debug|Any CPU
		{F601AAA0-0EE1-4D0E-A1BD-A7EBD06674B2}.Debug|Any CPU.Build.0 = Debug|Any CPU
		{F601AAA0-0EE1-4D0E-A1BD-A7EBD06674B2}.Release|Any CPU.ActiveCfg = Release|Any CPU
		{F601AAA0-0EE1-4D0E-A1BD-A7EBD06674B2}.Release|Any CPU.Build.0 = Release|Any CPU
		{0E5006C5-29E3-4FE7-80D2-E369C3E52862}.Debug|Any CPU.ActiveCfg = Debug|Any CPU
		{0E5006C5-29E3-4FE7-80D2-E369C3E52862}.Debug|Any CPU.Build.0 = Debug|Any CPU
		{0E5006C5-29E3-4FE7-80D2-E369C3E52862}.Release|Any CPU.ActiveCfg = Release|Any CPU
		{0E5006C5-29E3-4FE7-80D2-E369C3E52862}.Release|Any CPU.Build.0 = Release|Any CPU
		{B825AF46-5D30-46CF-89EF-8E51C1216967}.Debug|Any CPU.ActiveCfg = Debug|Any CPU
		{B825AF46-5D30-46CF-89EF-8E51C1216967}.Debug|Any CPU.Build.0 = Debug|Any CPU
		{B825AF46-5D30-46CF-89EF-8E51C1216967}.Release|Any CPU.ActiveCfg = Release|Any CPU
		{B825AF46-5D30-46CF-89EF-8E51C1216967}.Release|Any CPU.Build.0 = Release|Any CPU
		{4D3186E6-5E59-4051-B31E-97F10595BDCC}.Debug|Any CPU.ActiveCfg = Debug|Any CPU
		{4D3186E6-5E59-4051-B31E-97F10595BDCC}.Debug|Any CPU.Build.0 = Debug|Any CPU
		{4D3186E6-5E59-4051-B31E-97F10595BDCC}.Release|Any CPU.ActiveCfg = Release|Any CPU
		{4D3186E6-5E59-4051-B31E-97F10595BDCC}.Release|Any CPU.Build.0 = Release|Any CPU
	EndGlobalSection
	GlobalSection(SolutionProperties) = preSolution
		HideSolutionNode = FALSE
	EndGlobalSection
	GlobalSection(ExtensibilityGlobals) = postSolution
		SolutionGuid = {65266DF2-4352-4C03-9C1D-366AC59EAD66}
	EndGlobalSection
EndGlobal
